{
    "_readme": [
        "This file locks the dependencies of your project to a known state",
        "Read more about it at https://getcomposer.org/doc/01-basic-usage.md#composer-lock-the-lock-file",
        "This file is @generated automatically"
    ],
    "hash": "633eecf9c7182d24767e83062fa66a02",
    "content-hash": "34b6dec8e3e19bf89c28bc68d16703ed",
    "packages": [
        {
            "name": "xamin/handlebars.php",
            "version": "dev-master",
            "source": {
                "type": "git",
                "url": "https://github.com/XaminProject/handlebars.php.git",
                "reference": "38c743f79b8a2b501d9be97a413a56e5c2ed3e0f"
            },
            "dist": {
                "type": "zip",
                "url": "https://api.github.com/repos/XaminProject/handlebars.php/zipball/38c743f79b8a2b501d9be97a413a56e5c2ed3e0f",
                "reference": "38c743f79b8a2b501d9be97a413a56e5c2ed3e0f",
                "shasum": ""
            },
            "require-dev": {
                "phpunit/phpunit": "~4.4",
                "squizlabs/php_codesniffer": "~1.5"
            },
            "type": "library",
            "autoload": {
                "psr-0": {
                    "Handlebars": "src/"
                }
            },
            "notification-url": "https://packagist.org/downloads/",
            "license": [
                "MIT"
            ],
            "authors": [
                {
                    "name": "fzerorubigd",
                    "email": "fzerorubigd@gmail.com"
                },
                {
                    "name": "Behrooz Shabani (everplays)",
                    "email": "everplays@gmail.com"
                }
            ],
            "description": "Handlebars processor for php",
            "homepage": "https://github.com/XaminProject/handlebars.php",
            "time": "2016-12-27 09:15:36"
        }
    ],
    "packages-dev": [],
    "aliases": [],
    "minimum-stability": "stable",
    "stability-flags": {
        "xamin/handlebars.php": 20
    },
    "prefer-stable": false,
    "prefer-lowest": false,
    "platform": [],
    "platform-dev": []
}
